
Microsoft Visual Studio Solution File, Format Version 12.00
# Visual Studio Version 16
VisualStudioVersion = 16.0.30225.117
MinimumVisualStudioVersion = 10.0.40219.1
Project("{9A19103F-16F7-4668-BE54-9A1E7A4F7556}") = "Disboard.Server", "Disboard\Server\Disboard.Server.csproj", "{41CBCBAD-09AD-4646-A2E9-35E41D190E28}"
EndProject
Project("{9A19103F-16F7-4668-BE54-9A1E7A4F7556}") = "Disboard.Client", "Disboard\Client\Disboard.Client.csproj", "{5C1C76D7-DA21-434D-B38F-C002DAA92040}"
EndProject
Project("{9A19103F-16F7-4668-BE54-9A1E7A4F7556}") = "Disboard.Shared", "Disboard\Shared\Disboard.Shared.csproj", "{18CD9306-27D4-4872-B47A-90B76684A43C}"
EndProject
Project("{FAE04EC0-301F-11D3-BF4B-00C04F79EFBC}") = "AniList.ModelMaker", "AniList.ModelMaker\AniList.ModelMaker.csproj", "{DA6F01BA-1F8C-4747-93AC-AFAC30A544A9}"
EndProject
Global
	GlobalSection(SolutionConfigurationPlatforms) = preSolution
		Debug|Any CPU = Debug|Any CPU
		Release|Any CPU = Release|Any CPU
	EndGlobalSection
	GlobalSection(ProjectConfigurationPlatforms) = postSolution
		{41CBCBAD-09AD-4646-A2E9-35E41D190E28}.Debug|Any CPU.ActiveCfg = Debug|Any CPU
		{41CBCBAD-09AD-4646-A2E9-35E41D190E28}.Debug|Any CPU.Build.0 = Debug|Any CPU
		{41CBCBAD-09AD-4646-A2E9-35E41D190E28}.Release|Any CPU.ActiveCfg = Release|Any CPU
		{41CBCBAD-09AD-4646-A2E9-35E41D190E28}.Release|Any CPU.Build.0 = Release|Any CPU
		{5C1C76D7-DA21-434D-B38F-C002DAA92040}.Debug|Any CPU.ActiveCfg = Debug|Any CPU
		{5C1C76D7-DA21-434D-B38F-C002DAA92040}.Debug|Any CPU.Build.0 = Debug|Any CPU
		{5C1C76D7-DA21-434D-B38F-C002DAA92040}.Release|Any CPU.ActiveCfg = Release|Any CPU
		{5C1C76D7-DA21-434D-B38F-C002DAA92040}.Release|Any CPU.Build.0 = Release|Any CPU
		{18CD9306-27D4-4872-B47A-90B76684A43C}.Debug|Any CPU.ActiveCfg = Debug|Any CPU
		{18CD9306-27D4-4872-B47A-90B76684A43C}.Debug|Any CPU.Build.0 = Debug|Any CPU
		{18CD9306-27D4-4872-B47A-90B76684A43C}.Release|Any CPU.ActiveCfg = Release|Any CPU
		{18CD9306-27D4-4872-B47A-90B76684A43C}.Release|Any CPU.Build.0 = Release|Any CPU
		{DA6F01BA-1F8C-4747-93AC-AFAC30A544A9}.Debug|Any CPU.ActiveCfg = Debug|Any CPU
		{DA6F01BA-1F8C-4747-93AC-AFAC30A544A9}.Debug|Any CPU.Build.0 = Debug|Any CPU
		{DA6F01BA-1F8C-4747-93AC-AFAC30A544A9}.Release|Any CPU.ActiveCfg = Release|Any CPU
		{DA6F01BA-1F8C-4747-93AC-AFAC30A544A9}.Release|Any CPU.Build.0 = Release|Any CPU
	EndGlobalSection
	GlobalSection(SolutionProperties) = preSolution
		HideSolutionNode = FALSE
	EndGlobalSection
	GlobalSection(ExtensibilityGlobals) = postSolution
		SolutionGuid = {AF59B76B-E401-4553-A052-0F3F2E0DE006}
	EndGlobalSection
EndGlobal
